
Microsoft Visual Studio Solution File, Format Version 12.00
# Visual Studio Version 17
VisualStudioVersion = 17.3.32901.215
MinimumVisualStudioVersion = 10.0.40219.1
Project("{FAE04EC0-301F-11D3-BF4B-00C04F79EFBC}") = "Test", "Test\Test.csproj", "{F65C9C45-C969-4B6A-BA57-872035ADF1D9}"
EndProject
Project("{FAE04EC0-301F-11D3-BF4B-00C04F79EFBC}") = "Core", "DSLab\Core.csproj", "{0FA8A18D-B7F0-4694-982E-FD8C3F7D90F7}"
EndProject
Project("{FAE04EC0-301F-11D3-BF4B-00C04F79EFBC}") = "CommandLine", "CommandLine\CommandLine.csproj", "{8B32EF3A-3465-4871-9555-5B070B10DD67}"
EndProject
Global
	GlobalSection(SolutionConfigurationPlatforms) = preSolution
		Debug|Any CPU = Debug|Any CPU
		Release|Any CPU = Release|Any CPU
	EndGlobalSection
	GlobalSection(ProjectConfigurationPlatforms) = postSolution
		{F65C9C45-C969-4B6A-BA57-872035ADF1D9}.Debug|Any CPU.ActiveCfg = Debug|Any CPU
		{F65C9C45-C969-4B6A-BA57-872035ADF1D9}.Debug|Any CPU.Build.0 = Debug|Any CPU
		{F65C9C45-C969-4B6A-BA57-872035ADF1D9}.Release|Any CPU.ActiveCfg = Release|Any CPU
		{F65C9C45-C969-4B6A-BA57-872035ADF1D9}.Release|Any CPU.Build.0 = Release|Any CPU
		{0FA8A18D-B7F0-4694-982E-FD8C3F7D90F7}.Debug|Any CPU.ActiveCfg = Debug|Any CPU
		{0FA8A18D-B7F0-4694-982E-FD8C3F7D90F7}.Debug|Any CPU.Build.0 = Debug|Any CPU
		{0FA8A18D-B7F0-4694-982E-FD8C3F7D90F7}.Release|Any CPU.ActiveCfg = Release|Any CPU
		{0FA8A18D-B7F0-4694-982E-FD8C3F7D90F7}.Release|Any CPU.Build.0 = Release|Any CPU
		{8B32EF3A-3465-4871-9555-5B070B10DD67}.Debug|Any CPU.ActiveCfg = Debug|Any CPU
		{8B32EF3A-3465-4871-9555-5B070B10DD67}.Debug|Any CPU.Build.0 = Debug|Any CPU
		{8B32EF3A-3465-4871-9555-5B070B10DD67}.Release|Any CPU.ActiveCfg = Release|Any CPU
		{8B32EF3A-3465-4871-9555-5B070B10DD67}.Release|Any CPU.Build.0 = Release|Any CPU
	EndGlobalSection
	GlobalSection(SolutionProperties) = preSolution
		HideSolutionNode = FALSE
	EndGlobalSection
	GlobalSection(ExtensibilityGlobals) = postSolution
		SolutionGuid = {16313F52-E60D-475B-85FC-89F4C47AF49E}
	EndGlobalSection
EndGlobal
